{
  "- No incremental parsing support\n- No query API": [
    {
      "file": "README.md",
      "lines": [
        1659,
        1685
      ]
    }
  ],
  "- No query API\n- Pure Ruby performance (slower than native backends)": [
    {
      "file": "README.md",
      "lines": [
        1660,
        1686
      ]
    }
  ],
  "- Pure Ruby performance (slower than native backends)\n- Best for: prototyping, environments without native extension support, teaching": [
    {
      "file": "README.md",
      "lines": [
        1661,
        1687
      ]
    }
  ]
}
