{
  "deps/rb-sys/Rakefile:3160834741": [
    [57, 7, 34, "ThreadSafety/DirChdir: Avoid using `Dir.chdir` due to its process-wide effect.", 111965450],
    [70, 5, 16, "ThreadSafety/DirChdir: Avoid using `Dir.chdir` due to its process-wide effect.", 1058677230],
    [83, 3, 20, "ThreadSafety/DirChdir: Avoid using `Dir.chdir` due to its process-wide effect.", 3416130562],
    [192, 3, 18, "ThreadSafety/DirChdir: Avoid using `Dir.chdir` due to its process-wide effect.", 2722933635]
  ],
  "deps/rb-sys/examples/rust_reverse/Rakefile:3113732672": [
    [43, 3, 29, "ThreadSafety/DirChdir: Avoid using `Dir.chdir` due to its process-wide effect.", 1876885133]
  ],
  "deps/rb-sys/gem/lib/rb_sys/cargo_builder/link_flag_converter.rb:2589733963": [
    [15, 7, 99, "Style/ClassMethodsDefinitions: Use `class << self` to define a class method.", 142596337],
    [19, 7, 464, "Style/ClassMethodsDefinitions: Use `class << self` to define a class method.", 3537767322]
  ],
  "deps/rb-sys/gem/test/test_cargo_metadata.rb:1916245539": [
    [22, 7, 14, "ThreadSafety/DirChdir: Avoid using `Dir.chdir` due to its process-wide effect.", 2866645406],
    [37, 7, 14, "ThreadSafety/DirChdir: Avoid using `Dir.chdir` due to its process-wide effect.", 2866645406],
    [70, 7, 14, "ThreadSafety/DirChdir: Avoid using `Dir.chdir` due to its process-wide effect.", 2866645406],
    [92, 7, 14, "ThreadSafety/DirChdir: Avoid using `Dir.chdir` due to its process-wide effect.", 2866645406],
    [104, 7, 14, "ThreadSafety/DirChdir: Avoid using `Dir.chdir` due to its process-wide effect.", 2866645406],
    [107, 9, 15, "ThreadSafety/DirChdir: Avoid using `Dir.chdir` due to its process-wide effect.", 107777638]
  ],
  "deps/rb-sys/gem/test/test_rb_sys.rb:2836190293": [
    [115, 5, 20, "ThreadSafety/DirChdir: Avoid using `Dir.chdir` due to its process-wide effect.", 561645177]
  ],
  "deps/rb-sys/rakelib/docsite.rake:3122445169": [
    [4, 5, 50, "ThreadSafety/DirChdir: Avoid using `Dir.chdir` due to its process-wide effect.", 2306923395],
    [12, 5, 50, "ThreadSafety/DirChdir: Avoid using `Dir.chdir` due to its process-wide effect.", 2306923395],
    [20, 5, 50, "ThreadSafety/DirChdir: Avoid using `Dir.chdir` due to its process-wide effect.", 2306923395],
    [28, 7, 50, "ThreadSafety/DirChdir: Avoid using `Dir.chdir` due to its process-wide effect.", 2306923395]
  ],
  "deps/rb-sys/rakelib/doctest.rake:2098855686": [
    [136, 7, 19, "ThreadSafety/DirChdir: Avoid using `Dir.chdir` due to its process-wide effect.", 1483736951]
  ],
  "deps/rb-sys/rakelib/release.rake:6367466": [
    [43, 5, 34, "ThreadSafety/DirChdir: Avoid using `Dir.chdir` due to its process-wide effect.", 111965450],
    [65, 5, 16, "ThreadSafety/DirChdir: Avoid using `Dir.chdir` due to its process-wide effect.", 1058677230]
  ],
  "deps/rb-sys/script/show-asm:2630685775": [
    [334, 5, 21, "ThreadSafety/DirChdir: Avoid using `Dir.chdir` due to its process-wide effect.", 3982505968]
  ],
  "deps/tree_stump/spec/lib/tree_stump_spec.rb:914407672": [
    [4, 3, 12, "RSpec/BeforeAfterAll: Beware of using `before(:all)` as it may cause state to leak between tests. If you are using `rspec-rails`, and `use_transactional_fixtures` is enabled, then records created in `before(:all)` are not automatically rolled back.", 86334566],
    [5, 5, 9, "RSpec/DescribedClass: Use `described_class` instead of `TreeStump`.", 2437706060],
    [31, 12, 9, "RSpec/DescribedClass: Use `described_class` instead of `TreeStump`.", 2437706060],
    [77, 7, 113, "RSpec/NoExpectationExample: No expectation found in this example.", 3365574151],
    [116, 9, 36, "RSpec/PredicateMatcher: Prefer using `be_is_named` matcher over `is_named?`.", 488420246],
    [122, 9, 36, "RSpec/PredicateMatcher: Prefer using `be_is_extra` matcher over `is_extra?`.", 1350273245],
    [128, 9, 37, "RSpec/PredicateMatcher: Prefer using `have_error` matcher over `has_error?`.", 4007342111],
    [135, 11, 37, "RSpec/PredicateMatcher: Prefer using `have_error` matcher over `has_error?`.", 4230163469],
    [142, 9, 36, "RSpec/PredicateMatcher: Prefer using `be_is_error` matcher over `is_error?`.", 24627007],
    [148, 9, 38, "RSpec/PredicateMatcher: Prefer using `be_is_missing` matcher over `is_missing?`.", 1212646723]
  ],
  "deps/tree_stump/tree_stump.gemspec:4005760532": [
    [38, 3, 40, "Gemspec/DependencyVersion: Dependency version specification is required.", 1844711205]
  ]
}
