PATH
  remote: .
  specs:
    tree_haver (5.0.3)
      version_gem (~> 1.1, >= 1.1.9)

GEM
  remote: https://gem.coop/
  specs:
    ansi (1.5.0)
    appraisal2 (3.0.0)
      bundler (>= 1.17.3)
      rake (>= 10)
      thor (>= 0.14)
    backports (3.25.3)
    bundler-audit (0.9.3)
      bundler (>= 1.2.0)
      thor (~> 1.0)
    delegate (0.6.1)
    diff-lcs (1.6.2)
    docile (1.4.1)
    gitmoji-regex (1.0.3)
      version_gem (~> 1.1, >= 1.1.8)
    kettle-dev (1.2.4)
    kettle-soup-cover (1.1.1)
      simplecov (~> 0.22)
      simplecov-cobertura (~> 3.0)
      simplecov-console (~> 0.9, >= 0.9.3)
      simplecov-html (~> 0.13, >= 0.13.1)
      simplecov-lcov (~> 0.8)
      simplecov-rcov (~> 0.3, >= 0.3.7)
      simplecov_json_formatter (~> 0.1, >= 0.1.4)
      version_gem (~> 1.1, >= 1.1.9)
    kettle-test (1.0.7)
      appraisal2 (~> 3.0)
      backports (~> 3.0)
      rspec (~> 3.0)
      rspec-block_is_expected (~> 1.0, >= 1.0.6)
      rspec-pending_for (~> 0.1, >= 0.1.19)
      rspec-stubbed_env (~> 1.0, >= 1.0.4)
      rspec_junit_formatter (~> 0.6)
      silent_stream (~> 1.0, >= 1.0.12)
      timecop-rspec (~> 1.0, >= 1.0.3)
      version_gem (~> 1.1, >= 1.1.9)
    logger (1.7.0)
    rake (13.3.1)
    require_bench (1.0.4)
      version_gem (>= 1.1.3, < 4)
    rexml (3.4.4)
    rspec (3.13.2)
      rspec-core (~> 3.13.0)
      rspec-expectations (~> 3.13.0)
      rspec-mocks (~> 3.13.0)
    rspec-block_is_expected (1.0.6)
    rspec-core (3.13.6)
      rspec-support (~> 3.13.0)
    rspec-expectations (3.13.5)
      diff-lcs (>= 1.2.0, < 2.0)
      rspec-support (~> 3.13.0)
    rspec-mocks (3.13.7)
      diff-lcs (>= 1.2.0, < 2.0)
      rspec-support (~> 3.13.0)
    rspec-pending_for (0.1.19)
      rspec-core (~> 3.0)
      ruby_engine (~> 2.0)
      ruby_version (~> 1.0)
      version_gem (~> 1.1, >= 1.1.8)
    rspec-stubbed_env (1.0.4)
    rspec-support (3.13.6)
    rspec_junit_formatter (0.6.0)
      rspec-core (>= 2, < 4, != 2.12.0)
    ruby-progressbar (1.13.0)
    ruby_engine (2.0.3)
    ruby_version (1.0.3)
    silent_stream (1.0.12)
      logger (~> 1.2)
      version_gem (>= 1.1.8, < 3)
    simplecov (0.22.0)
      docile (~> 1.1)
      simplecov-html (~> 0.11)
      simplecov_json_formatter (~> 0.1)
    simplecov-cobertura (3.1.0)
      rexml
      simplecov (~> 0.19)
    simplecov-console (0.9.4)
      ansi
      simplecov
      terminal-table
    simplecov-html (0.13.2)
    simplecov-lcov (0.9.0)
    simplecov-rcov (0.3.7)
      simplecov (>= 0.4.1)
    simplecov_json_formatter (0.1.4)
    stone_checksums (1.0.3)
      version_gem (~> 1.1, >= 1.1.9)
    terminal-table (4.0.0)
      unicode-display_width (>= 1.1.1, < 4)
    thor (1.5.0)
    timecop (0.9.10)
    timecop-rspec (1.0.3)
      delegate (~> 0.1)
      rspec (~> 3.0)
      timecop (>= 0.7, < 1)
    unicode-display_width (3.2.0)
      unicode-emoji (~> 4.1)
    unicode-emoji (4.2.0)
    version_gem (1.1.9)

PLATFORMS
  ruby
  x86_64-linux

DEPENDENCIES
  appraisal2 (~> 3.0)
  bundler-audit (~> 0.9.3)
  gitmoji-regex (~> 1.0, >= 1.0.3)
  kettle-dev (~> 1.2)
  kettle-soup-cover (~> 1.1, >= 1.1.1)
  kettle-test (~> 1.0, >= 1.0.7)
  rake (~> 13.0)
  require_bench (~> 1.0, >= 1.0.4)
  ruby-progressbar (~> 1.13)
  stone_checksums (~> 1.0, >= 1.0.3)
  tree_haver!

CHECKSUMS
  ansi (1.5.0) sha256=5408253274e33d9d27d4a98c46d2998266fd51cba58a7eb9d08f50e57ed23592
  appraisal2 (3.0.0) sha256=f1b4e742cf8ebef5e9fbb76c416a8c16edfe0727964a5a17b44adfc37b701aed
  backports (3.25.3) sha256=94298d32dc3c40ca15633b54e282780b49e2db0c045f602ea1907e4f63a17235
  bundler-audit (0.9.3) sha256=81c8766c71e47d0d28a0f98c7eed028539f21a6ea3cd8f685eb6f42333c9b4e9
  delegate (0.6.1) sha256=54cf946cacfe05b1c23114edd8fbd8d54e9cea7abf36b95130ab53cc88b8f7e4
  diff-lcs (1.6.2) sha256=9ae0d2cba7d4df3075fe8cd8602a8604993efc0dfa934cff568969efb1909962
  docile (1.4.1) sha256=96159be799bfa73cdb721b840e9802126e4e03dfc26863db73647204c727f21e
  gitmoji-regex (1.0.3) sha256=538c6f49f5af6dc36d1630edb89a5a66f6e14ec5850d7fd071e0331f940e553f
  kettle-dev (1.2.4) sha256=71373c67fe7eb0a9656e70dfd10cf226a15083b6d1be18dafcb5360f21ee98b6
  kettle-soup-cover (1.1.1) sha256=2303885a9d8485d8d43cb250bcf73570f6b6fb997526beeaef3ef54e3501d445
  kettle-test (1.0.7) sha256=16fcb8b1bc12366f443d0ec9d125c1865249865c7afff7ef856e602436d4cdc7
  logger (1.7.0) sha256=196edec7cc44b66cfb40f9755ce11b392f21f7967696af15d274dde7edff0203
  rake (13.3.1) sha256=8c9e89d09f66a26a01264e7e3480ec0607f0c497a861ef16063604b1b08eb19c
  require_bench (1.0.4) sha256=c8ef54aac5c01f80bb5f110f7c08d304417a6c7b34f3683e1923227b6e65d004
  rexml (3.4.4) sha256=19e0a2c3425dfbf2d4fc1189747bdb2f849b6c5e74180401b15734bc97b5d142
  rspec (3.13.2) sha256=206284a08ad798e61f86d7ca3e376718d52c0bc944626b2349266f239f820587
  rspec-block_is_expected (1.0.6) sha256=bbad3dc30eba93becf4dcb3fd1bff5f37f6e212ab5cbf6132c07edba6ff74282
  rspec-core (3.13.6) sha256=a8823c6411667b60a8bca135364351dda34cd55e44ff94c4be4633b37d828b2d
  rspec-expectations (3.13.5) sha256=33a4d3a1d95060aea4c94e9f237030a8f9eae5615e9bd85718fe3a09e4b58836
  rspec-mocks (3.13.7) sha256=0979034e64b1d7a838aaaddf12bf065ea4dc40ef3d4c39f01f93ae2c66c62b1c
  rspec-pending_for (0.1.19) sha256=3eec099d1e36f1be61a510f314cde9bff0dc63e46e9b65a15b9e46cf5b5c20c3
  rspec-stubbed_env (1.0.4) sha256=647886e16338bc4028fd18dde07944c945f773cc65afaa258930196da780e70f
  rspec-support (3.13.6) sha256=2e8de3702427eab064c9352fe74488cc12a1bfae887ad8b91cba480ec9f8afb2
  rspec_junit_formatter (0.6.0) sha256=40dde674e6ae4e6cc0ff560da25497677e34fefd2338cc467a8972f602b62b15
  ruby-progressbar (1.13.0) sha256=80fc9c47a9b640d6834e0dc7b3c94c9df37f08cb072b7761e4a71e22cff29b33
  ruby_engine (2.0.3) sha256=ca2ae7def8cfcdc2bfb6a186d36d5d59c8b403245dc0256c3802b767fa278aaa
  ruby_version (1.0.3) sha256=5930f9950746b7e6c973184398ee364ee7440b170fef7922b9f5cdf317f1ccb5
  silent_stream (1.0.12) sha256=377c43aa10033fe90c33b39ea8cd97d79f2d1c4856df598efc56f3091f3ae782
  simplecov (0.22.0) sha256=fe2622c7834ff23b98066bb0a854284b2729a569ac659f82621fc22ef36213a5
  simplecov-cobertura (3.1.0) sha256=6d7f38aa32c965ca2174b2e5bd88cb17138eaf629518854976ac50e628925dc5
  simplecov-console (0.9.4) sha256=a5c7d0ae60e0307a77e0fadc532dd78c42e0b954af42483dcac003fe9187065b
  simplecov-html (0.13.2) sha256=bd0b8e54e7c2d7685927e8d6286466359b6f16b18cb0df47b508e8d73c777246
  simplecov-lcov (0.9.0) sha256=7a77a31e200a595ed4b0249493056efd0c920601f53d2ef135ca34ee796346cd
  simplecov-rcov (0.3.7) sha256=372f50bf6df6b6350b7d0c840f2f8bdabe021861a43c26877b747c9ac96139fc
  simplecov_json_formatter (0.1.4) sha256=529418fbe8de1713ac2b2d612aa3daa56d316975d307244399fa4838c601b428
  stone_checksums (1.0.3) sha256=1d7ee38b7c766c523cbf12ab886ffbae519a2c48288f9d8ecc7ca0deed0701fe
  terminal-table (4.0.0) sha256=f504793203f8251b2ea7c7068333053f0beeea26093ec9962e62ea79f94301d2
  thor (1.5.0) sha256=e3a9e55fe857e44859ce104a84675ab6e8cd59c650a49106a05f55f136425e73
  timecop (0.9.10) sha256=12ba45ce57cdcf6b1043cb6cdffa6381fd89ce10d369c28a7f6f04dc1b0cd8eb
  timecop-rspec (1.0.3) sha256=005f14841bb606dcaefb060e321b5388e2e59537742bee8b3a9a9a40e598fab9
  tree_haver (5.0.3)
  unicode-display_width (3.2.0) sha256=0cdd96b5681a5949cdbc2c55e7b420facae74c4aaf9a9815eee1087cb1853c42
  unicode-emoji (4.2.0) sha256=519e69150f75652e40bf736106cfbc8f0f73aa3fb6a65afe62fefa7f80b0f80f
  version_gem (1.1.9) sha256=0c1a0962ae543c84a00889bb018d9f14d8f8af6029d26b295d98774e3d2eb9a4

BUNDLED WITH
  4.0.5
